
Microsoft Visual Studio Solution File, Format Version 12.00
# Visual Studio Version 17
VisualStudioVersion = 17.11.35312.102
MinimumVisualStudioVersion = 10.0.40219.1
Project("{9A19103F-16F7-4668-BE54-9A1E7A4F7556}") = "DataShuttle.Core", "DataShuttle.Core\DataShuttle.Core.csproj", "{A8EECA1B-E031-46D6-93A3-F074DA488365}"
EndProject
Project("{9A19103F-16F7-4668-BE54-9A1E7A4F7556}") = "DataShuttle.Transports", "DataShuttle.Transports\DataShuttle.Transports.csproj", "{BCCB0829-087F-4F69-9C2A-64367A1266B1}"
EndProject
Project("{9A19103F-16F7-4668-BE54-9A1E7A4F7556}") = "DataShuttle", "DataShuttle\DataShuttle.csproj", "{D018727C-56C4-4268-902A-50EECB381E56}"
EndProject
Project("{9A19103F-16F7-4668-BE54-9A1E7A4F7556}") = "DataShuttle.Samples", "DataShuttle.Samples\DataShuttle.Samples.csproj", "{9E3F8182-7C04-47A9-9A64-0F6F70F3F46E}"
EndProject
Project("{2150E333-8FDC-42A3-9474-1A3956D46DE8}") = "Samples", "Samples", "{B8451390-A639-44E1-9735-469F5A7A8A04}"
EndProject
Global
	GlobalSection(SolutionConfigurationPlatforms) = preSolution
		Debug|Any CPU = Debug|Any CPU
		Release|Any CPU = Release|Any CPU
	EndGlobalSection
	GlobalSection(ProjectConfigurationPlatforms) = postSolution
		{A8EECA1B-E031-46D6-93A3-F074DA488365}.Debug|Any CPU.ActiveCfg = Debug|Any CPU
		{A8EECA1B-E031-46D6-93A3-F074DA488365}.Debug|Any CPU.Build.0 = Debug|Any CPU
		{A8EECA1B-E031-46D6-93A3-F074DA488365}.Release|Any CPU.ActiveCfg = Release|Any CPU
		{A8EECA1B-E031-46D6-93A3-F074DA488365}.Release|Any CPU.Build.0 = Release|Any CPU
		{BCCB0829-087F-4F69-9C2A-64367A1266B1}.Debug|Any CPU.ActiveCfg = Debug|Any CPU
		{BCCB0829-087F-4F69-9C2A-64367A1266B1}.Debug|Any CPU.Build.0 = Debug|Any CPU
		{BCCB0829-087F-4F69-9C2A-64367A1266B1}.Release|Any CPU.ActiveCfg = Release|Any CPU
		{BCCB0829-087F-4F69-9C2A-64367A1266B1}.Release|Any CPU.Build.0 = Release|Any CPU
		{D018727C-56C4-4268-902A-50EECB381E56}.Debug|Any CPU.ActiveCfg = Debug|Any CPU
		{D018727C-56C4-4268-902A-50EECB381E56}.Debug|Any CPU.Build.0 = Debug|Any CPU
		{D018727C-56C4-4268-902A-50EECB381E56}.Release|Any CPU.ActiveCfg = Release|Any CPU
		{D018727C-56C4-4268-902A-50EECB381E56}.Release|Any CPU.Build.0 = Release|Any CPU
		{9E3F8182-7C04-47A9-9A64-0F6F70F3F46E}.Debug|Any CPU.ActiveCfg = Debug|Any CPU
		{9E3F8182-7C04-47A9-9A64-0F6F70F3F46E}.Debug|Any CPU.Build.0 = Debug|Any CPU
		{9E3F8182-7C04-47A9-9A64-0F6F70F3F46E}.Release|Any CPU.ActiveCfg = Release|Any CPU
		{9E3F8182-7C04-47A9-9A64-0F6F70F3F46E}.Release|Any CPU.Build.0 = Release|Any CPU
	EndGlobalSection
	GlobalSection(SolutionProperties) = preSolution
		HideSolutionNode = FALSE
	EndGlobalSection
	GlobalSection(NestedProjects) = preSolution
		{9E3F8182-7C04-47A9-9A64-0F6F70F3F46E} = {B8451390-A639-44E1-9735-469F5A7A8A04}
	EndGlobalSection
	GlobalSection(ExtensibilityGlobals) = postSolution
		SolutionGuid = {3B2AAF21-B698-4998-9AAC-6814408A8F78}
	EndGlobalSection
EndGlobal
